<?xml version="1.0" encoding="utf-8"?>
<Project ToolsVersion="4.0" xmlns="http://schemas.microsoft.com/developer/msbuild/2003">
  <ItemGroup>
    <Filter Include="Miel">
      <UniqueIdentifier>{CC14897C-B84B-8A0D-6138-70104D4E060F}</UniqueIdentifier>
    </Filter>
    <Filter Include="Miel\Events">
      <UniqueIdentifier>{30E3F51C-9C98-6E12-258D-68E991416516}</UniqueIdentifier>
    </Filter>
  </ItemGroup>
  <ItemGroup>
    <ClInclude Include="src\Miel.h" />
    <ClInclude Include="src\Miel\Application.h">
      <Filter>Miel</Filter>
    </ClInclude>
    <ClInclude Include="src\Miel\Core.h">
      <Filter>Miel</Filter>
    </ClInclude>
    <ClInclude Include="src\Miel\EntryPoint.h">
      <Filter>Miel</Filter>
    </ClInclude>
    <ClInclude Include="src\Miel\Events\ApplicationEvent.h">
      <Filter>Miel\Events</Filter>
    </ClInclude>
    <ClInclude Include="src\Miel\Events\Event.h">
      <Filter>Miel\Events</Filter>
    </ClInclude>
    <ClInclude Include="src\Miel\Events\KeyEvent.h">
      <Filter>Miel\Events</Filter>
    </ClInclude>
    <ClInclude Include="src\Miel\Events\MouseEvent.h">
      <Filter>Miel\Events</Filter>
    </ClInclude>
    <ClInclude Include="src\Miel\Log.h">
      <Filter>Miel</Filter>
    </ClInclude>
    <ClInclude Include="src\mlpch.h" />
  </ItemGroup>
  <ItemGroup>
    <ClCompile Include="src\Miel\Application.cpp">
      <Filter>Miel</Filter>
    </ClCompile>
    <ClCompile Include="src\Miel\Log.cpp">
      <Filter>Miel</Filter>
    </ClCompile>
    <ClCompile Include="src\mlpch.cpp" />
  </ItemGroup>
</Project>